{
  "nodes": {
    "flake-utils": {
      "locked": {
        "lastModified": 1637014545,
        "narHash": "sha256-26IZAc5yzlD9FlDT54io1oqG/bBoyka+FJk5guaX4x4=",
        "owner": "numtide",
        "repo": "flake-utils",
        "rev": "bba5dcc8e0b20ab664967ad83d24d64cb64ec4f4",
        "type": "github"
      },
      "original": {
        "owner": "numtide",
        "repo": "flake-utils",
        "type": "github"
      }
    },
    "flake-utils_2": {
      "locked": {
        "lastModified": 1637014545,
        "narHash": "sha256-26IZAc5yzlD9FlDT54io1oqG/bBoyka+FJk5guaX4x4=",
        "owner": "numtide",
        "repo": "flake-utils",
        "rev": "bba5dcc8e0b20ab664967ad83d24d64cb64ec4f4",
        "type": "github"
      },
      "original": {
        "owner": "numtide",
        "repo": "flake-utils",
        "type": "github"
      }
    },
    "naersk": {
      "inputs": {
        "nixpkgs": [
          "nixpkgs"
        ]
      },
      "locked": {
        "lastModified": 1639947939,
        "narHash": "sha256-pGsM8haJadVP80GFq4xhnSpNitYNQpaXk4cnA796Cso=",
        "owner": "nix-community",
        "repo": "naersk",
        "rev": "2fc8ce9d3c025d59fee349c1f80be9785049d653",
        "type": "github"
      },
      "original": {
        "owner": "nix-community",
        "repo": "naersk",
        "type": "github"
      }
    },
    "nixpkgs": {
      "locked": {
        "lastModified": 1640090545,
        "narHash": "sha256-6qiF46uBGoSQmjDTFl8ilT+d1DuK39IRHlj0jE5gqZE=",
        "owner": "NixOS",
        "repo": "nixpkgs",
        "rev": "1dd151f0c0c216f416e9553af08f724a2499c795",
        "type": "github"
      },
      "original": {
        "id": "nixpkgs",
        "type": "indirect"
      }
    },
    "pgx": {
      "inputs": {
        "naersk": [
          "naersk"
        ],
        "nixpkgs": [
          "nixpkgs"
        ],
        "rust-overlay": "rust-overlay"
      },
      "locked": {
        "lastModified": 1640192598,
        "narHash": "sha256-1TycGkfjb7NJ4GnUZoEQOZ9534mlroRkjVblRgQi15k=",
        "owner": "zombodb",
        "repo": "pgx",
        "rev": "90db903c6e4bf9bf509a3ef036bc5e16a30a1e15",
        "type": "github"
      },
      "original": {
        "owner": "zombodb",
        "ref": "develop",
        "repo": "pgx",
        "type": "github"
      }
    },
    "root": {
      "inputs": {
        "naersk": "naersk",
        "nixpkgs": "nixpkgs",
        "pgx": "pgx",
        "rust-overlay": "rust-overlay_2"
      }
    },
    "rust-overlay": {
      "inputs": {
        "flake-utils": "flake-utils",
        "nixpkgs": [
          "pgx",
          "nixpkgs"
        ]
      },
      "locked": {
        "lastModified": 1639534642,
        "narHash": "sha256-Id6MajrGvH3WO1IP36oGQ82GLS/1T63nE12ZfTSsUdU=",
        "owner": "oxalica",
        "repo": "rust-overlay",
        "rev": "712446b06015f7f51e60a440949357c6f18ea25f",
        "type": "github"
      },
      "original": {
        "owner": "oxalica",
        "repo": "rust-overlay",
        "type": "github"
      }
    },
    "rust-overlay_2": {
      "inputs": {
        "flake-utils": "flake-utils_2",
        "nixpkgs": [
          "nixpkgs"
        ]
      },
      "locked": {
        "lastModified": 1640140850,
        "narHash": "sha256-XRfxdj6riiH+r5hPh6vxJ5rPQcsIiJ1g3XK/dMlrp3M=",
        "owner": "oxalica",
        "repo": "rust-overlay",
        "rev": "1efeb891b85c70ded412eb78a04bccb9badb14c6",
        "type": "github"
      },
      "original": {
        "owner": "oxalica",
        "repo": "rust-overlay",
        "type": "github"
      }
    }
  },
  "root": "root",
  "version": 7
}
