{
  "nodes": {
    "naersk": {
      "inputs": {
        "nixpkgs": "nixpkgs"
      },
      "locked": {
        "lastModified": 1629707199,
        "narHash": "sha256-sGxlmfp5eXL5sAMNqHSb04Zq6gPl+JeltIZ226OYN0w=",
        "owner": "nmattia",
        "repo": "naersk",
        "rev": "df71f5e4babda41cd919a8684b72218e2e809fa9",
        "type": "github"
      },
      "original": {
        "owner": "nmattia",
        "repo": "naersk",
        "type": "github"
      }
    },
    "nixpkgs": {
      "locked": {
        "lastModified": 1630355118,
        "narHash": "sha256-5qrISB7CwVWqN4JSHf/y3uJ288jVy2TLD162nzPPYXY=",
        "owner": "NixOS",
        "repo": "nixpkgs",
        "rev": "3e299737a2a34e6d6e38f724377aaf4a820a1402",
        "type": "github"
      },
      "original": {
        "id": "nixpkgs",
        "type": "indirect"
      }
    },
    "nixpkgs_2": {
      "locked": {
        "lastModified": 1630355118,
        "narHash": "sha256-5qrISB7CwVWqN4JSHf/y3uJ288jVy2TLD162nzPPYXY=",
        "owner": "NixOS",
        "repo": "nixpkgs",
        "rev": "3e299737a2a34e6d6e38f724377aaf4a820a1402",
        "type": "github"
      },
      "original": {
        "owner": "NixOS",
        "repo": "nixpkgs",
        "type": "github"
      }
    },
    "root": {
      "inputs": {
        "naersk": "naersk",
        "nixpkgs": "nixpkgs_2"
      }
    }
  },
  "root": "root",
  "version": 7
}
