{
  "nodes": {
    "naersk": {
      "inputs": {
        "nixpkgs": "nixpkgs"
      },
      "locked": {
        "lastModified": 1623927034,
        "narHash": "sha256-sGxlmfp5eXL5sAMNqHSb04Zq6gPl+JeltIZ226OYN0w=",
        "owner": "nmattia",
        "repo": "naersk",
        "rev": "e09c320446c5c2516d430803f7b19f5833781337",
        "type": "github"
      },
      "original": {
        "owner": "nmattia",
        "repo": "naersk",
        "type": "github"
      }
    },
    "nixpkgs": {
      "locked": {
        "lastModified": 1629496738,
        "narHash": "sha256-rAIFsrptz6VpUe8x4M2oXlSBiA/1wZbBfFXiGXCT+58=",
        "owner": "NixOS",
        "repo": "nixpkgs",
        "rev": "891b34b0efd9e818fafad66fd33fd2d6aca8b5d5",
        "type": "github"
      },
      "original": {
        "id": "nixpkgs",
        "type": "indirect"
      }
    },
    "nixpkgs_2": {
      "locked": {
        "lastModified": 1629496738,
        "narHash": "sha256-rAIFsrptz6VpUe8x4M2oXlSBiA/1wZbBfFXiGXCT+58=",
        "owner": "NixOS",
        "repo": "nixpkgs",
        "rev": "891b34b0efd9e818fafad66fd33fd2d6aca8b5d5",
        "type": "github"
      },
      "original": {
        "owner": "NixOS",
        "repo": "nixpkgs",
        "type": "github"
      }
    },
    "root": {
      "inputs": {
        "naersk": "naersk",
        "nixpkgs": "nixpkgs_2"
      }
    }
  },
  "root": "root",
  "version": 7
}
